
Microsoft Visual Studio Solution File, Format Version 12.00
# Visual Studio Version 17
VisualStudioVersion = 17.8.34511.84
MinimumVisualStudioVersion = 10.0.40219.1
Project("{FAE04EC0-301F-11D3-BF4B-00C04F79EFBC}") = "DynamoDB-Test", "DynamoDB-Test.csproj", "{9BFB2326-C18E-4D27-B746-E6683D5234EA}"
EndProject
Global
	GlobalSection(SolutionConfigurationPlatforms) = preSolution
		Debug|Any CPU = Debug|Any CPU
		Release|Any CPU = Release|Any CPU
	EndGlobalSection
	GlobalSection(ProjectConfigurationPlatforms) = postSolution
		{9BFB2326-C18E-4D27-B746-E6683D5234EA}.Debug|Any CPU.ActiveCfg = Debug|Any CPU
		{9BFB2326-C18E-4D27-B746-E6683D5234EA}.Debug|Any CPU.Build.0 = Debug|Any CPU
		{9BFB2326-C18E-4D27-B746-E6683D5234EA}.Release|Any CPU.ActiveCfg = Release|Any CPU
		{9BFB2326-C18E-4D27-B746-E6683D5234EA}.Release|Any CPU.Build.0 = Release|Any CPU
	EndGlobalSection
	GlobalSection(SolutionProperties) = preSolution
		HideSolutionNode = FALSE
	EndGlobalSection
	GlobalSection(ExtensibilityGlobals) = postSolution
		SolutionGuid = {263222FC-036C-4BEC-ADFD-6E43A258460A}
	EndGlobalSection
EndGlobal
